PODS:
  - Alamofire (4.7.2)
  - smartInteractionEngine (1.0.1):
    - Alamofire

DEPENDENCIES:
  - Alamofire
  - smartInteractionEngine (from `../`)

SPEC REPOS:
  https://github.com/cocoapods/specs.git:
    - Alamofire

EXTERNAL SOURCES:
  smartInteractionEngine:
    :path: "../"

SPEC CHECKSUMS:
  Alamofire: e4fa87002c137ba2d8d634d2c51fabcda0d5c223
  smartInteractionEngine: f8316e943150affd587389de9b844c123ef733f4

PODFILE CHECKSUM: 622de0286d23d2ae250c1cfbd94dfc51c1b8505f

COCOAPODS: 1.5.3
