PODS:
  - Alamofire (4.7.2)
  - smartInteractionEngine (1.0.2):
    - Alamofire

DEPENDENCIES:
  - Alamofire
  - smartInteractionEngine (from `../`)

SPEC REPOS:
  https://github.com/cocoapods/specs.git:
    - Alamofire

EXTERNAL SOURCES:
  smartInteractionEngine:
    :path: "../"

SPEC CHECKSUMS:
  Alamofire: e4fa87002c137ba2d8d634d2c51fabcda0d5c223
  smartInteractionEngine: 0507d32e691d04e30fc310cb99e4bf69c79dcb98

PODFILE CHECKSUM: 622de0286d23d2ae250c1cfbd94dfc51c1b8505f

COCOAPODS: 1.5.3
